Microsoft Visual Studio Solution File, Format Version 12.00
# Visual Studio Version 17
VisualStudioVersion = 17.5.2.0
MinimumVisualStudioVersion = 10.0.40219.1
Project("{FAE04EC0-301F-11D3-BF4B-00C04F79EFBC}") = "PakistaniTaskerPlatform", "PakistaniTaskerPlatform.csproj", "{A0C96E1B-2BAE-C234-789F-68D0C1E7ECCB}"
EndProject
Global
	GlobalSection(SolutionConfigurationPlatforms) = preSolution
		Debug|Any CPU = Debug|Any CPU
		Release|Any CPU = Release|Any CPU
	EndGlobalSection
	GlobalSection(ProjectConfigurationPlatforms) = postSolution
		{A0C96E1B-2BAE-C234-789F-68D0C1E7ECCB}.Debug|Any CPU.ActiveCfg = Debug|Any CPU
		{A0C96E1B-2BAE-C234-789F-68D0C1E7ECCB}.Debug|Any CPU.Build.0 = Debug|Any CPU
		{A0C96E1B-2BAE-C234-789F-68D0C1E7ECCB}.Release|Any CPU.ActiveCfg = Release|Any CPU
		{A0C96E1B-2BAE-C234-789F-68D0C1E7ECCB}.Release|Any CPU.Build.0 = Release|Any CPU
	EndGlobalSection
	GlobalSection(SolutionProperties) = preSolution
		HideSolutionNode = FALSE
	EndGlobalSection
	GlobalSection(ExtensibilityGlobals) = postSolution
		SolutionGuid = {DF26080F-2D3D-4104-A384-3E41109F4C21}
	EndGlobalSection
EndGlobal
